
Microsoft Visual Studio Solution File, Format Version 12.00
# Visual Studio 15
VisualStudioVersion = 15.0.28307.329
MinimumVisualStudioVersion = 10.0.40219.1
Project("{FAE04EC0-301F-11D3-BF4B-00C04F79EFBC}") = "SeleniumHomework", "SeleniumHomework\SeleniumHomework.csproj", "{EFF6F911-A521-448F-9297-5A85399937B2}"
EndProject
Global
	GlobalSection(SolutionConfigurationPlatforms) = preSolution
		Debug|Any CPU = Debug|Any CPU
		Release|Any CPU = Release|Any CPU
	EndGlobalSection
	GlobalSection(ProjectConfigurationPlatforms) = postSolution
		{EFF6F911-A521-448F-9297-5A85399937B2}.Debug|Any CPU.ActiveCfg = Debug|Any CPU
		{EFF6F911-A521-448F-9297-5A85399937B2}.Debug|Any CPU.Build.0 = Debug|Any CPU
		{EFF6F911-A521-448F-9297-5A85399937B2}.Release|Any CPU.ActiveCfg = Release|Any CPU
		{EFF6F911-A521-448F-9297-5A85399937B2}.Release|Any CPU.Build.0 = Release|Any CPU
	EndGlobalSection
	GlobalSection(SolutionProperties) = preSolution
		HideSolutionNode = FALSE
	EndGlobalSection
	GlobalSection(ExtensibilityGlobals) = postSolution
		SolutionGuid = {48AF92B6-7373-421F-B81C-AEBC082827B7}
	EndGlobalSection
EndGlobal
